
Microsoft Visual Studio Solution File, Format Version 12.00
# Visual Studio Version 16
VisualStudioVersion = 16.0.30104.148
MinimumVisualStudioVersion = 10.0.40219.1
Project("{9A19103F-16F7-4668-BE54-9A1E7A4F7556}") = "EthiopiaLanguageLearningPlatform", "EthiopiaLanguageLearningPlatform\EthiopiaLanguageLearningPlatform.csproj", "{439DA2A9-A4D1-4AD0-BEC8-95840002D7F1}"
EndProject
Project("{FAE04EC0-301F-11D3-BF4B-00C04F79EFBC}") = "EthiopiaLanguageLearningPlatform.UnitTests", "EthiopiaLanguageLearningPlatform.UnitTests\EthiopiaLanguageLearningPlatform.UnitTests.csproj", "{C23B6398-8C28-4F85-BC2E-246D8BE0CFE1}"
EndProject
Project("{FAE04EC0-301F-11D3-BF4B-00C04F79EFBC}") = "EthiopiaLangaugeLearningPlatform.FunctionalTests", "EthiopiaLangaugeLearningPlatform.FunctionalTests\EthiopiaLangaugeLearningPlatform.FunctionalTests.csproj", "{79E1112C-70C0-417E-9EF7-217768B7DAF3}"
EndProject
Global
	GlobalSection(SolutionConfigurationPlatforms) = preSolution
		Debug|Any CPU = Debug|Any CPU
		Release|Any CPU = Release|Any CPU
	EndGlobalSection
	GlobalSection(ProjectConfigurationPlatforms) = postSolution
		{439DA2A9-A4D1-4AD0-BEC8-95840002D7F1}.Debug|Any CPU.ActiveCfg = Debug|Any CPU
		{439DA2A9-A4D1-4AD0-BEC8-95840002D7F1}.Debug|Any CPU.Build.0 = Debug|Any CPU
		{439DA2A9-A4D1-4AD0-BEC8-95840002D7F1}.Release|Any CPU.ActiveCfg = Release|Any CPU
		{439DA2A9-A4D1-4AD0-BEC8-95840002D7F1}.Release|Any CPU.Build.0 = Release|Any CPU
		{C23B6398-8C28-4F85-BC2E-246D8BE0CFE1}.Debug|Any CPU.ActiveCfg = Debug|Any CPU
		{C23B6398-8C28-4F85-BC2E-246D8BE0CFE1}.Debug|Any CPU.Build.0 = Debug|Any CPU
		{C23B6398-8C28-4F85-BC2E-246D8BE0CFE1}.Release|Any CPU.ActiveCfg = Release|Any CPU
		{C23B6398-8C28-4F85-BC2E-246D8BE0CFE1}.Release|Any CPU.Build.0 = Release|Any CPU
		{79E1112C-70C0-417E-9EF7-217768B7DAF3}.Debug|Any CPU.ActiveCfg = Debug|Any CPU
		{79E1112C-70C0-417E-9EF7-217768B7DAF3}.Debug|Any CPU.Build.0 = Debug|Any CPU
		{79E1112C-70C0-417E-9EF7-217768B7DAF3}.Release|Any CPU.ActiveCfg = Release|Any CPU
		{79E1112C-70C0-417E-9EF7-217768B7DAF3}.Release|Any CPU.Build.0 = Release|Any CPU
	EndGlobalSection
	GlobalSection(SolutionProperties) = preSolution
		HideSolutionNode = FALSE
	EndGlobalSection
	GlobalSection(ExtensibilityGlobals) = postSolution
		SolutionGuid = {EFED0AC8-E511-4E9F-9DDA-97244E82FB0A}
	EndGlobalSection
EndGlobal
